
Microsoft Visual Studio Solution File, Format Version 12.00
# Visual Studio Version 17
VisualStudioVersion = 17.8.34322.80
MinimumVisualStudioVersion = 10.0.40219.1
Project("{FAE04EC0-301F-11D3-BF4B-00C04F79EFBC}") = "FactuSystem", "FactuSystem.csproj", "{3639B284-C31C-47F7-A080-9E979340B104}"
EndProject
Global
	GlobalSection(SolutionConfigurationPlatforms) = preSolution
		Debug|Any CPU = Debug|Any CPU
		Release|Any CPU = Release|Any CPU
	EndGlobalSection
	GlobalSection(ProjectConfigurationPlatforms) = postSolution
		{3639B284-C31C-47F7-A080-9E979340B104}.Debug|Any CPU.ActiveCfg = Debug|Any CPU
		{3639B284-C31C-47F7-A080-9E979340B104}.Debug|Any CPU.Build.0 = Debug|Any CPU
		{3639B284-C31C-47F7-A080-9E979340B104}.Release|Any CPU.ActiveCfg = Release|Any CPU
		{3639B284-C31C-47F7-A080-9E979340B104}.Release|Any CPU.Build.0 = Release|Any CPU
	EndGlobalSection
	GlobalSection(SolutionProperties) = preSolution
		HideSolutionNode = FALSE
	EndGlobalSection
	GlobalSection(ExtensibilityGlobals) = postSolution
		SolutionGuid = {BC4F620F-9D82-4588-A2FE-AAEAC23EA780}
	EndGlobalSection
EndGlobal
